PODS:
  - Alamofire (5.4.3)
  - MSPeekCollectionViewDelegateImplementation (3.2.0)
  - SDWebImage (5.11.1):
    - SDWebImage/Core (= 5.11.1)
  - SDWebImage/Core (5.11.1)
  - SnapKit (5.0.1)
  - SwiftyJSON (5.0.1)
  - XLPagerTabStrip (9.0.0)

DEPENDENCIES:
  - Alamofire
  - MSPeekCollectionViewDelegateImplementation
  - SDWebImage
  - SnapKit
  - SwiftyJSON
  - XLPagerTabStrip

SPEC REPOS:
  trunk:
    - Alamofire
    - MSPeekCollectionViewDelegateImplementation
    - SDWebImage
    - SnapKit
    - SwiftyJSON
    - XLPagerTabStrip

SPEC CHECKSUMS:
  Alamofire: e447a2774a40c996748296fa2c55112fdbbc42f9
  MSPeekCollectionViewDelegateImplementation: be35a217bd302976a9e4476151be992c1f150127
  SDWebImage: a7f831e1a65eb5e285e3fb046a23fcfbf08e696d
  SnapKit: 97b92857e3df3a0c71833cce143274bf6ef8e5eb
  SwiftyJSON: 2f33a42c6fbc52764d96f13368585094bfd8aa5e
  XLPagerTabStrip: 61c57fd61f611ee5f01ff1495ad6fbee8bf496c5

PODFILE CHECKSUM: 99bed7775afc0b029763a3a5a9931f2043679823

COCOAPODS: 1.10.1
