// !$*UTF8*$!
{
	archiveVersion = 1;
	classes = {
	};
	objectVersion = 50;
	objects = {

/* Begin PBXBuildFile section */
		C34B47C8269591B700252F2A /* AddViewController.swift in Sources */ = {isa = PBXBuildFile; fileRef = C34B47C7269591B700252F2A /* AddViewController.swift */; };
		C38DE6A62694B53000BE847C /* AppDelegate.swift in Sources */ = {isa = PBXBuildFile; fileRef = C38DE6A52694B53000BE847C /* AppDelegate.swift */; };
		C38DE6A82694B53000BE847C /* SceneDelegate.swift in Sources */ = {isa = PBXBuildFile; fileRef = C38DE6A72694B53000BE847C /* SceneDelegate.swift */; };
		C38DE6AA2694B53000BE847C /* ViewController.swift in Sources */ = {isa = PBXBuildFile; fileRef = C38DE6A92694B53000BE847C /* ViewController.swift */; };
		C38DE6AD2694B53000BE847C /* Main.storyboard in Resources */ = {isa = PBXBuildFile; fileRef = C38DE6AB2694B53000BE847C /* Main.storyboard */; };
		C38DE6AF2694B53100BE847C /* Assets.xcassets in Resources */ = {isa = PBXBuildFile; fileRef = C38DE6AE2694B53100BE847C /* Assets.xcassets */; };
		C38DE6B22694B53100BE847C /* LaunchScreen.storyboard in Resources */ = {isa = PBXBuildFile; fileRef = C38DE6B02694B53100BE847C /* LaunchScreen.storyboard */; };
		C38DE6BA2694D36C00BE847C /* AccountBookList.swift in Sources */ = {isa = PBXBuildFile; fileRef = C38DE6B92694D36C00BE847C /* AccountBookList.swift */; };
		C38DE6BD2694D65800BE847C /* AccountTableViewCell.swift in Sources */ = {isa = PBXBuildFile; fileRef = C38DE6BB2694D65800BE847C /* AccountTableViewCell.swift */; };
		C38DE6BE2694D65800BE847C /* AccountTableViewCell.xib in Resources */ = {isa = PBXBuildFile; fileRef = C38DE6BC2694D65800BE847C /* AccountTableViewCell.xib */; };
/* End PBXBuildFile section */

/* Begin PBXFileReference section */
		C34B47C7269591B700252F2A /* AddViewController.swift */ = {isa = PBXFileReference; lastKnownFileType = sourcecode.swift; path = AddViewController.swift; sourceTree = "<group>"; };
		C38DE6A22694B53000BE847C /* AccountBook.app */ = {isa = PBXFileReference; explicitFileType = wrapper.application; includeInIndex = 0; path = AccountBook.app; sourceTree = BUILT_PRODUCTS_DIR; };
		C38DE6A52694B53000BE847C /* AppDelegate.swift */ = {isa = PBXFileReference; lastKnownFileType = sourcecode.swift; path = AppDelegate.swift; sourceTree = "<group>"; };
		C38DE6A72694B53000BE847C /* SceneDelegate.swift */ = {isa = PBXFileReference; lastKnownFileType = sourcecode.swift; path = SceneDelegate.swift; sourceTree = "<group>"; };
		C38DE6A92694B53000BE847C /* ViewController.swift */ = {isa = PBXFileReference; lastKnownFileType = sourcecode.swift; path = ViewController.swift; sourceTree = "<group>"; };
		C38DE6AC2694B53000BE847C /* Base */ = {isa = PBXFileReference; lastKnownFileType = file.storyboard; name = Base; path = Base.lproj/Main.storyboard; sourceTree = "<group>"; };
		C38DE6AE2694B53100BE847C /* Assets.xcassets */ = {isa = PBXFileReference; lastKnownFileType = folder.assetcatalog; path = Assets.xcassets; sourceTree = "<group>"; };
		C38DE6B12694B53100BE847C /* Base */ = {isa = PBXFileReference; lastKnownFileType = file.storyboard; name = Base; path = Base.lproj/LaunchScreen.storyboard; sourceTree = "<group>"; };
		C38DE6B32694B53100BE847C /* Info.plist */ = {isa = PBXFileReference; lastKnownFileType = text.plist.xml; path = Info.plist; sourceTree = "<group>"; };
		C38DE6B92694D36C00BE847C /* AccountBookList.swift */ = {isa = PBXFileReference; lastKnownFileType = sourcecode.swift; path = AccountBookList.swift; sourceTree = "<group>"; };
		C38DE6BB2694D65800BE847C /* AccountTableViewCell.swift */ = {isa = PBXFileReference; lastKnownFileType = sourcecode.swift; path = AccountTableViewCell.swift; sourceTree = "<group>"; };
		C38DE6BC2694D65800BE847C /* AccountTableViewCell.xib */ = {isa = PBXFileReference; lastKnownFileType = file.xib; path = AccountTableViewCell.xib; sourceTree = "<group>"; };
/* End PBXFileReference section */

/* Begin PBXFrameworksBuildPhase section */
		C38DE69F2694B53000BE847C /* Frameworks */ = {
			isa = PBXFrameworksBuildPhase;
			buildActionMask = 2147483647;
			files = (
			);
			runOnlyForDeploymentPostprocessing = 0;
		};
/* End PBXFrameworksBuildPhase section */

/* Begin PBXGroup section */
		C38DE6992694B53000BE847C = {
			isa = PBXGroup;
			children = (
				C38DE6A42694B53000BE847C /* AccountBook */,
				C38DE6A32694B53000BE847C /* Products */,
			);
			sourceTree = "<group>";
		};
		C38DE6A32694B53000BE847C /* Products */ = {
			isa = PBXGroup;
			children = (
				C38DE6A22694B53000BE847C /* AccountBook.app */,
			);
			name = Products;
			sourceTree = "<group>";
		};
		C38DE6A42694B53000BE847C /* AccountBook */ = {
			isa = PBXGroup;
			children = (
				C38DE6A52694B53000BE847C /* AppDelegate.swift */,
				C38DE6A72694B53000BE847C /* SceneDelegate.swift */,
				C38DE6A92694B53000BE847C /* ViewController.swift */,
				C38DE6AB2694B53000BE847C /* Main.storyboard */,
				C38DE6AE2694B53100BE847C /* Assets.xcassets */,
				C38DE6B02694B53100BE847C /* LaunchScreen.storyboard */,
				C38DE6B32694B53100BE847C /* Info.plist */,
				C38DE6B92694D36C00BE847C /* AccountBookList.swift */,
				C38DE6BB2694D65800BE847C /* AccountTableViewCell.swift */,
				C38DE6BC2694D65800BE847C /* AccountTableViewCell.xib */,
				C34B47C7269591B700252F2A /* AddViewController.swift */,
			);
			path = AccountBook;
			sourceTree = "<group>";
		};
/* End PBXGroup section */

/* Begin PBXNativeTarget section */
		C38DE6A12694B53000BE847C /* AccountBook */ = {
			isa = PBXNativeTarget;
			buildConfigurationList = C38DE6B62694B53100BE847C /* Build configuration list for PBXNativeTarget "AccountBook" */;
			buildPhases = (
				C38DE69E2694B53000BE847C /* Sources */,
				C38DE69F2694B53000BE847C /* Frameworks */,
				C38DE6A02694B53000BE847C /* Resources */,
			);
			buildRules = (
			);
			dependencies = (
			);
			name = AccountBook;
			productName = AccountBook;
			productReference = C38DE6A22694B53000BE847C /* AccountBook.app */;
			productType = "com.apple.product-type.application";
		};
/* End PBXNativeTarget section */

/* Begin PBXProject section */
		C38DE69A2694B53000BE847C /* Project object */ = {
			isa = PBXProject;
			attributes = {
				LastSwiftUpdateCheck = 1250;
				LastUpgradeCheck = 1250;
				TargetAttributes = {
					C38DE6A12694B53000BE847C = {
						CreatedOnToolsVersion = 12.5;
					};
				};
			};
			buildConfigurationList = C38DE69D2694B53000BE847C /* Build configuration list for PBXProject "AccountBook" */;
			compatibilityVersion = "Xcode 9.3";
			developmentRegion = en;
			hasScannedForEncodings = 0;
			knownRegions = (
				en,
				Base,
			);
			mainGroup = C38DE6992694B53000BE847C;
			productRefGroup = C38DE6A32694B53000BE847C /* Products */;
			projectDirPath = "";
			projectRoot = "";
			targets = (
				C38DE6A12694B53000BE847C /* AccountBook */,
			);
		};
/* End PBXProject section */

/* Begin PBXResourcesBuildPhase section */
		C38DE6A02694B53000BE847C /* Resources */ = {
			isa = PBXResourcesBuildPhase;
			buildActionMask = 2147483647;
			files = (
				C38DE6B22694B53100BE847C /* LaunchScreen.storyboard in Resources */,
				C38DE6BE2694D65800BE847C /* AccountTableViewCell.xib in Resources */,
				C38DE6AF2694B53100BE847C /* Assets.xcassets in Resources */,
				C38DE6AD2694B53000BE847C /* Main.storyboard in Resources */,
			);
			runOnlyForDeploymentPostprocessing = 0;
		};
/* End PBXResourcesBuildPhase section */

/* Begin PBXSourcesBuildPhase section */
		C38DE69E2694B53000BE847C /* Sources */ = {
			isa = PBXSourcesBuildPhase;
			buildActionMask = 2147483647;
			files = (
				C38DE6AA2694B53000BE847C /* ViewController.swift in Sources */,
				C38DE6BA2694D36C00BE847C /* AccountBookList.swift in Sources */,
				C34B47C8269591B700252F2A /* AddViewController.swift in Sources */,
				C38DE6A62694B53000BE847C /* AppDelegate.swift in Sources */,
				C38DE6BD2694D65800BE847C /* AccountTableViewCell.swift in Sources */,
				C38DE6A82694B53000BE847C /* SceneDelegate.swift in Sources */,
			);
			runOnlyForDeploymentPostprocessing = 0;
		};
/* End PBXSourcesBuildPhase section */

/* Begin PBXVariantGroup section */
		C38DE6AB2694B53000BE847C /* Main.storyboard */ = {
			isa = PBXVariantGroup;
			children = (
				C38DE6AC2694B53000BE847C /* Base */,
			);
			name = Main.storyboard;
			sourceTree = "<group>";
		};
		C38DE6B02694B53100BE847C /* LaunchScreen.storyboard */ = {
			isa = PBXVariantGroup;
			children = (
				C38DE6B12694B53100BE847C /* Base */,
			);
			name = LaunchScreen.storyboard;
			sourceTree = "<group>";
		};
/* End PBXVariantGroup section */

/* Begin XCBuildConfiguration section */
		C38DE6B42694B53100BE847C /* Debug */ = {
			isa = XCBuildConfiguration;
			buildSettings = {
				ALWAYS_SEARCH_USER_PATHS = NO;
				CLANG_ANALYZER_NONNULL = YES;
				CLANG_ANALYZER_NUMBER_OBJECT_CONVERSION = YES_AGGRESSIVE;
				CLANG_CXX_LANGUAGE_STANDARD = "gnu++14";
				CLANG_CXX_LIBRARY = "libc++";
				CLANG_ENABLE_MODULES = YES;
				CLANG_ENABLE_OBJC_ARC = YES;
				CLANG_ENABLE_OBJC_WEAK = YES;
				CLANG_WARN_BLOCK_CAPTURE_AUTORELEASING = YES;
				CLANG_WARN_BOOL_CONVERSION = YES;
				CLANG_WARN_COMMA = YES;
				CLANG_WARN_CONSTANT_CONVERSION = YES;
				CLANG_WARN_DEPRECATED_OBJC_IMPLEMENTATIONS = YES;
				CLANG_WARN_DIRECT_OBJC_ISA_USAGE = YES_ERROR;
				CLANG_WARN_DOCUMENTATION_COMMENTS = YES;
				CLANG_WARN_EMPTY_BODY = YES;
				CLANG_WARN_ENUM_CONVERSION = YES;
				CLANG_WARN_INFINITE_RECURSION = YES;
				CLANG_WARN_INT_CONVERSION = YES;
				CLANG_WARN_NON_LITERAL_NULL_CONVERSION = YES;
				CLANG_WARN_OBJC_IMPLICIT_RETAIN_SELF = YES;
				CLANG_WARN_OBJC_LITERAL_CONVERSION = YES;
				CLANG_WARN_OBJC_ROOT_CLASS = YES_ERROR;
				CLANG_WARN_QUOTED_INCLUDE_IN_FRAMEWORK_HEADER = YES;
				CLANG_WARN_RANGE_LOOP_ANALYSIS = YES;
				CLANG_WARN_STRICT_PROTOTYPES = YES;
				CLANG_WARN_SUSPICIOUS_MOVE = YES;
				CLANG_WARN_UNGUARDED_AVAILABILITY = YES_AGGRESSIVE;
				CLANG_WARN_UNREACHABLE_CODE = YES;
				CLANG_WARN__DUPLICATE_METHOD_MATCH = YES;
				COPY_PHASE_STRIP = NO;
				DEBUG_INFORMATION_FORMAT = dwarf;
				ENABLE_STRICT_OBJC_MSGSEND = YES;
				ENABLE_TESTABILITY = YES;
				GCC_C_LANGUAGE_STANDARD = gnu11;
				GCC_DYNAMIC_NO_PIC = NO;
				GCC_NO_COMMON_BLOCKS = YES;
				GCC_OPTIMIZATION_LEVEL = 0;
				GCC_PREPROCESSOR_DEFINITIONS = (
					"DEBUG=1",
					"$(inherited)",
				);
				GCC_WARN_64_TO_32_BIT_CONVERSION = YES;
				GCC_WARN_ABOUT_RETURN_TYPE = YES_ERROR;
				GCC_WARN_UNDECLARED_SELECTOR = YES;
				GCC_WARN_UNINITIALIZED_AUTOS = YES_AGGRESSIVE;
				GCC_WARN_UNUSED_FUNCTION = YES;
				GCC_WARN_UNUSED_VARIABLE = YES;
				IPHONEOS_DEPLOYMENT_TARGET = 14.5;
				MTL_ENABLE_DEBUG_INFO = INCLUDE_SOURCE;
				MTL_FAST_MATH = YES;
				ONLY_ACTIVE_ARCH = YES;
				SDKROOT = iphoneos;
				SWIFT_ACTIVE_COMPILATION_CONDITIONS = DEBUG;
				SWIFT_OPTIMIZATION_LEVEL = "-Onone";
			};
			name = Debug;
		};
		C38DE6B52694B53100BE847C /* Release */ = {
			isa = XCBuildConfiguration;
			buildSettings = {
				ALWAYS_SEARCH_USER_PATHS = NO;
				CLANG_ANALYZER_NONNULL = YES;
				CLANG_ANALYZER_NUMBER_OBJECT_CONVERSION = YES_AGGRESSIVE;
				CLANG_CXX_LANGUAGE_STANDARD = "gnu++14";
				CLANG_CXX_LIBRARY = "libc++";
				CLANG_ENABLE_MODULES = YES;
				CLANG_ENABLE_OBJC_ARC = YES;
				CLANG_ENABLE_OBJC_WEAK = YES;
				CLANG_WARN_BLOCK_CAPTURE_AUTORELEASING = YES;
				CLANG_WARN_BOOL_CONVERSION = YES;
				CLANG_WARN_COMMA = YES;
				CLANG_WARN_CONSTANT_CONVERSION = YES;
				CLANG_WARN_DEPRECATED_OBJC_IMPLEMENTATIONS = YES;
				CLANG_WARN_DIRECT_OBJC_ISA_USAGE = YES_ERROR;
				CLANG_WARN_DOCUMENTATION_COMMENTS = YES;
				CLANG_WARN_EMPTY_BODY = YES;
				CLANG_WARN_ENUM_CONVERSION = YES;
				CLANG_WARN_INFINITE_RECURSION = YES;
				CLANG_WARN_INT_CONVERSION = YES;
				CLANG_WARN_NON_LITERAL_NULL_CONVERSION = YES;
				CLANG_WARN_OBJC_IMPLICIT_RETAIN_SELF = YES;
				CLANG_WARN_OBJC_LITERAL_CONVERSION = YES;
				CLANG_WARN_OBJC_ROOT_CLASS = YES_ERROR;
				CLANG_WARN_QUOTED_INCLUDE_IN_FRAMEWORK_HEADER = YES;
				CLANG_WARN_RANGE_LOOP_ANALYSIS = YES;
				CLANG_WARN_STRICT_PROTOTYPES = YES;
				CLANG_WARN_SUSPICIOUS_MOVE = YES;
				CLANG_WARN_UNGUARDED_AVAILABILITY = YES_AGGRESSIVE;
				CLANG_WARN_UNREACHABLE_CODE = YES;
				CLANG_WARN__DUPLICATE_METHOD_MATCH = YES;
				COPY_PHASE_STRIP = NO;
				DEBUG_INFORMATION_FORMAT = "dwarf-with-dsym";
				ENABLE_NS_ASSERTIONS = NO;
				ENABLE_STRICT_OBJC_MSGSEND = YES;
				GCC_C_LANGUAGE_STANDARD = gnu11;
				GCC_NO_COMMON_BLOCKS = YES;
				GCC_WARN_64_TO_32_BIT_CONVERSION = YES;
				GCC_WARN_ABOUT_RETURN_TYPE = YES_ERROR;
				GCC_WARN_UNDECLARED_SELECTOR = YES;
				GCC_WARN_UNINITIALIZED_AUTOS = YES_AGGRESSIVE;
				GCC_WARN_UNUSED_FUNCTION = YES;
				GCC_WARN_UNUSED_VARIABLE = YES;
				IPHONEOS_DEPLOYMENT_TARGET = 14.5;
				MTL_ENABLE_DEBUG_INFO = NO;
				MTL_FAST_MATH = YES;
				SDKROOT = iphoneos;
				SWIFT_COMPILATION_MODE = wholemodule;
				SWIFT_OPTIMIZATION_LEVEL = "-O";
				VALIDATE_PRODUCT = YES;
			};
			name = Release;
		};
		C38DE6B72694B53100BE847C /* Debug */ = {
			isa = XCBuildConfiguration;
			buildSettings = {
				ASSETCATALOG_COMPILER_APPICON_NAME = AppIcon;
				ASSETCATALOG_COMPILER_GLOBAL_ACCENT_COLOR_NAME = AccentColor;
				CODE_SIGN_STYLE = Automatic;
				INFOPLIST_FILE = AccountBook/Info.plist;
				LD_RUNPATH_SEARCH_PATHS = (
					"$(inherited)",
					"@executable_path/Frameworks",
				);
				PRODUCT_BUNDLE_IDENTIFIER = com.chobi.AccountBook;
				PRODUCT_NAME = "$(TARGET_NAME)";
				SWIFT_VERSION = 5.0;
				TARGETED_DEVICE_FAMILY = "1,2";
			};
			name = Debug;
		};
		C38DE6B82694B53100BE847C /* Release */ = {
			isa = XCBuildConfiguration;
			buildSettings = {
				ASSETCATALOG_COMPILER_APPICON_NAME = AppIcon;
				ASSETCATALOG_COMPILER_GLOBAL_ACCENT_COLOR_NAME = AccentColor;
				CODE_SIGN_STYLE = Automatic;
				INFOPLIST_FILE = AccountBook/Info.plist;
				LD_RUNPATH_SEARCH_PATHS = (
					"$(inherited)",
					"@executable_path/Frameworks",
				);
				PRODUCT_BUNDLE_IDENTIFIER = com.chobi.AccountBook;
				PRODUCT_NAME = "$(TARGET_NAME)";
				SWIFT_VERSION = 5.0;
				TARGETED_DEVICE_FAMILY = "1,2";
			};
			name = Release;
		};
/* End XCBuildConfiguration section */

/* Begin XCConfigurationList section */
		C38DE69D2694B53000BE847C /* Build configuration list for PBXProject "AccountBook" */ = {
			isa = XCConfigurationList;
			buildConfigurations = (
				C38DE6B42694B53100BE847C /* Debug */,
				C38DE6B52694B53100BE847C /* Release */,
			);
			defaultConfigurationIsVisible = 0;
			defaultConfigurationName = Release;
		};
		C38DE6B62694B53100BE847C /* Build configuration list for PBXNativeTarget "AccountBook" */ = {
			isa = XCConfigurationList;
			buildConfigurations = (
				C38DE6B72694B53100BE847C /* Debug */,
				C38DE6B82694B53100BE847C /* Release */,
			);
			defaultConfigurationIsVisible = 0;
			defaultConfigurationName = Release;
		};
/* End XCConfigurationList section */
	};
	rootObject = C38DE69A2694B53000BE847C /* Project object */;
}
